{
  "name": "cloudtrail_partitioner",
  "version": "0.1.0",
  "lockfileVersion": 1,
  "requires": true,
  "dependencies": {
    "@aws-cdk/assets": {
      "version": "1.8.0",
      "resolved": "https://registry.npmjs.org/@aws-cdk/assets/-/assets-1.8.0.tgz",
      "integrity": "sha512-dnXWACaoCUFp6rgpv+ACuEoC9NGFGv4s5Yg6YqOar0fcL0EQAT81TRZprm3ObsVE3E9oilRmQqZXFLfU1/5cTg==",
      "requires": {
        "@aws-cdk/core": "^1.8.0",
        "@aws-cdk/cx-api": "^1.8.0",
        "minimatch": "^3.0.4"
      },
      "dependencies": {
        "balanced-match": {
          "version": "1.0.0",
          "bundled": true
        },
        "brace-expansion": {
          "version": "1.1.11",
          "bundled": true,
          "requires": {
            "balanced-match": "^1.0.0",
            "concat-map": "0.0.1"
          }
        },
        "concat-map": {
          "version": "0.0.1",
          "bundled": true
        },
        "minimatch": {
          "version": "3.0.4",
          "bundled": true,
          "requires": {
            "brace-expansion": "^1.1.7"
          }
        }
      }
    },
    "@aws-cdk/aws-apigateway": {
      "version": "1.8.0",
      "resolved": "https://registry.npmjs.org/@aws-cdk/aws-apigateway/-/aws-apigateway-1.8.0.tgz",
      "integrity": "sha512-01pBrgthx4jgwHo0wZLgFlKw5ridiqErMlW55qnCwvJ1ez8u6rAtrnXuMjLAj+JDlybgKwY12OcstF1rF6/ShA==",
      "requires": {
        "@aws-cdk/aws-certificatemanager": "^1.8.0",
        "@aws-cdk/aws-elasticloadbalancingv2": "^1.8.0",
        "@aws-cdk/aws-iam": "^1.8.0",
        "@aws-cdk/aws-lambda": "^1.8.0",
        "@aws-cdk/core": "^1.8.0"
      }
    },
    "@aws-cdk/aws-applicationautoscaling": {
      "version": "1.8.0",
      "resolved": "https://registry.npmjs.org/@aws-cdk/aws-applicationautoscaling/-/aws-applicationautoscaling-1.8.0.tgz",
      "integrity": "sha512-iZPzVQRBTajF0H6maSzIgquAxosalb1S6uys1O3UNLDhtq8qF/dRMomHFXr+SU/vRTbgI9YoeJf+8dl/74JRpA==",
      "requires": {
        "@aws-cdk/aws-autoscaling-common": "^1.8.0",
        "@aws-cdk/aws-cloudwatch": "^1.8.0",
        "@aws-cdk/aws-iam": "^1.8.0",
        "@aws-cdk/core": "^1.8.0"
      }
    },
    "@aws-cdk/aws-autoscaling": {
      "version": "1.8.0",
      "resolved": "https://registry.npmjs.org/@aws-cdk/aws-autoscaling/-/aws-autoscaling-1.8.0.tgz",
      "integrity": "sha512-Tn/frCPCzfZTI6mzrJ975MPJusW4smxzzP/Yoadgb43fbQ71N9+SmE76mrFiXcT+sITTstxEJLXNUeL1wL4sZQ==",
      "requires": {
        "@aws-cdk/aws-autoscaling-common": "^1.8.0",
        "@aws-cdk/aws-cloudwatch": "^1.8.0",
        "@aws-cdk/aws-ec2": "^1.8.0",
        "@aws-cdk/aws-elasticloadbalancing": "^1.8.0",
        "@aws-cdk/aws-elasticloadbalancingv2": "^1.8.0",
        "@aws-cdk/aws-iam": "^1.8.0",
        "@aws-cdk/aws-sns": "^1.8.0",
        "@aws-cdk/core": "^1.8.0"
      }
    },
    "@aws-cdk/aws-autoscaling-common": {
      "version": "1.8.0",
      "resolved": "https://registry.npmjs.org/@aws-cdk/aws-autoscaling-common/-/aws-autoscaling-common-1.8.0.tgz",
      "integrity": "sha512-eFIGtVZ296Rg9/NikOC7lSLvGiLi68mGgjokxgW9J/7bWhyTido3TdE9wrc8hETPoF1x5ezCLvLi212mVcFwxA==",
      "requires": {
        "@aws-cdk/aws-iam": "^1.8.0",
        "@aws-cdk/core": "^1.8.0"
      }
    },
    "@aws-cdk/aws-autoscaling-hooktargets": {
      "version": "1.8.0",
      "resolved": "https://registry.npmjs.org/@aws-cdk/aws-autoscaling-hooktargets/-/aws-autoscaling-hooktargets-1.8.0.tgz",
      "integrity": "sha512-Vr3xkGyzw/6CV4wKFvCVdjJh7+9eI/cJWWeMHZHIm2gCM2HJpUj+u7sFkZbSn3qr6yg5jDEAktiSGWGtsenwRw==",
      "requires": {
        "@aws-cdk/aws-autoscaling": "^1.8.0",
        "@aws-cdk/aws-iam": "^1.8.0",
        "@aws-cdk/aws-lambda": "^1.8.0",
        "@aws-cdk/aws-sns": "^1.8.0",
        "@aws-cdk/aws-sns-subscriptions": "^1.8.0",
        "@aws-cdk/aws-sqs": "^1.8.0",
        "@aws-cdk/core": "^1.8.0"
      }
    },
    "@aws-cdk/aws-certificatemanager": {
      "version": "1.8.0",
      "resolved": "https://registry.npmjs.org/@aws-cdk/aws-certificatemanager/-/aws-certificatemanager-1.8.0.tgz",
      "integrity": "sha512-snclahdW0qky4+ZagDhHhVpZD+TuOgUCsKd6o0a/jwqCXHTLhKteNODRbAPUHtndyBjIuup+A7Zv1LPaTA78WA==",
      "requires": {
        "@aws-cdk/aws-cloudformation": "^1.8.0",
        "@aws-cdk/aws-iam": "^1.8.0",
        "@aws-cdk/aws-lambda": "^1.8.0",
        "@aws-cdk/aws-route53": "^1.8.0",
        "@aws-cdk/core": "^1.8.0"
      }
    },
    "@aws-cdk/aws-cloudformation": {
      "version": "1.8.0",
      "resolved": "https://registry.npmjs.org/@aws-cdk/aws-cloudformation/-/aws-cloudformation-1.8.0.tgz",
      "integrity": "sha512-xMrOg1mKYlUOkpONGqBg88ljUoCQveR2GGTUeGziXBdWJbrxHqDQeRFnEsSYC1TYHNdb4y6QJ6D7MzoEZQV4aw==",
      "requires": {
        "@aws-cdk/aws-iam": "^1.8.0",
        "@aws-cdk/aws-lambda": "^1.8.0",
        "@aws-cdk/aws-sns": "^1.8.0",
        "@aws-cdk/core": "^1.8.0"
      }
    },
    "@aws-cdk/aws-cloudfront": {
      "version": "1.8.0",
      "resolved": "https://registry.npmjs.org/@aws-cdk/aws-cloudfront/-/aws-cloudfront-1.8.0.tgz",
      "integrity": "sha512-Dqe9kwiwMXwEWe9CSZuQtID75Y2VYrIRb2n+MLIk2bq9mD7BhyUo9asvgOHO0/wiROF5hh1okoS/tkRfcMdQDQ==",
      "requires": {
        "@aws-cdk/aws-certificatemanager": "^1.8.0",
        "@aws-cdk/aws-iam": "^1.8.0",
        "@aws-cdk/aws-kms": "^1.8.0",
        "@aws-cdk/aws-lambda": "^1.8.0",
        "@aws-cdk/aws-s3": "^1.8.0",
        "@aws-cdk/core": "^1.8.0"
      }
    },
    "@aws-cdk/aws-cloudwatch": {
      "version": "1.8.0",
      "resolved": "https://registry.npmjs.org/@aws-cdk/aws-cloudwatch/-/aws-cloudwatch-1.8.0.tgz",
      "integrity": "sha512-R9Ml87bRjJQJ4r+M9hwsCs+kSMaT6Or6D9o1Cd05zz7B+4uplepLinl/K61yW7U2Wp3vBtEv79IU87LOvUUTvg==",
      "requires": {
        "@aws-cdk/aws-iam": "^1.8.0",
        "@aws-cdk/core": "^1.8.0"
      }
    },
    "@aws-cdk/aws-cloudwatch-actions": {
      "version": "1.8.0",
      "resolved": "https://registry.npmjs.org/@aws-cdk/aws-cloudwatch-actions/-/aws-cloudwatch-actions-1.8.0.tgz",
      "integrity": "sha512-BE6OcmlXbAyAXj7uNvcG61aTU7Z0qUWfs/OokrpDVYlipsHk94fQQ88WcNzIJg3Ld+/6cNvIYe0bANS3CigSKQ==",
      "requires": {
        "@aws-cdk/aws-applicationautoscaling": "^1.8.0",
        "@aws-cdk/aws-autoscaling": "^1.8.0",
        "@aws-cdk/aws-cloudwatch": "^1.8.0",
        "@aws-cdk/aws-iam": "^1.8.0",
        "@aws-cdk/aws-sns": "^1.8.0",
        "@aws-cdk/core": "^1.8.0"
      }
    },
    "@aws-cdk/aws-codebuild": {
      "version": "1.8.0",
      "resolved": "https://registry.npmjs.org/@aws-cdk/aws-codebuild/-/aws-codebuild-1.8.0.tgz",
      "integrity": "sha512-aLZyzFhC0lTu7nsaFfU+2zMVh/2nIxiWWdfIpFGs9DRMTN6ffG/FjVJzRrNQT4rxEqmoVkS6lIhsFbVOXT9FGg==",
      "requires": {
        "@aws-cdk/assets": "^1.8.0",
        "@aws-cdk/aws-cloudwatch": "^1.8.0",
        "@aws-cdk/aws-codecommit": "^1.8.0",
        "@aws-cdk/aws-ec2": "^1.8.0",
        "@aws-cdk/aws-ecr": "^1.8.0",
        "@aws-cdk/aws-ecr-assets": "^1.8.0",
        "@aws-cdk/aws-events": "^1.8.0",
        "@aws-cdk/aws-iam": "^1.8.0",
        "@aws-cdk/aws-kms": "^1.8.0",
        "@aws-cdk/aws-s3": "^1.8.0",
        "@aws-cdk/aws-s3-assets": "^1.8.0",
        "@aws-cdk/aws-secretsmanager": "^1.8.0",
        "@aws-cdk/core": "^1.8.0"
      }
    },
    "@aws-cdk/aws-codecommit": {
      "version": "1.8.0",
      "resolved": "https://registry.npmjs.org/@aws-cdk/aws-codecommit/-/aws-codecommit-1.8.0.tgz",
      "integrity": "sha512-rIdv0aWl4xacI4dJ5ESbQM5Jc8rXazWwWOUDSBdASDTLB9oRBqyG9/yVNm0rnJOXDhb23UTv4HS2nTbmYeV1Vg==",
      "requires": {
        "@aws-cdk/aws-events": "^1.8.0",
        "@aws-cdk/aws-iam": "^1.8.0",
        "@aws-cdk/core": "^1.8.0"
      }
    },
    "@aws-cdk/aws-codepipeline": {
      "version": "1.8.0",
      "resolved": "https://registry.npmjs.org/@aws-cdk/aws-codepipeline/-/aws-codepipeline-1.8.0.tgz",
      "integrity": "sha512-qdb3tMZa76tgZDNpy3J+H17dZ84M3eT3X7Otgi1VGm32gLcXFFBgbk5pYN39+Q9MIFapWoxjpebjqj5VBH8Kww==",
      "requires": {
        "@aws-cdk/aws-events": "^1.8.0",
        "@aws-cdk/aws-iam": "^1.8.0",
        "@aws-cdk/aws-kms": "^1.8.0",
        "@aws-cdk/aws-s3": "^1.8.0",
        "@aws-cdk/core": "^1.8.0"
      }
    },
    "@aws-cdk/aws-ec2": {
      "version": "1.8.0",
      "resolved": "https://registry.npmjs.org/@aws-cdk/aws-ec2/-/aws-ec2-1.8.0.tgz",
      "integrity": "sha512-5+1n5LmVAx1DJEXYbyMevNWNlf98GaQd9cLVSZtCxT3uu29Nd88Xag0lcBX48XRAISWSo93ggQNhI4fbwG8s9g==",
      "requires": {
        "@aws-cdk/aws-cloudwatch": "^1.8.0",
        "@aws-cdk/aws-iam": "^1.8.0",
        "@aws-cdk/aws-ssm": "^1.8.0",
        "@aws-cdk/core": "^1.8.0",
        "@aws-cdk/cx-api": "^1.8.0"
      }
    },
    "@aws-cdk/aws-ecr": {
      "version": "1.8.0",
      "resolved": "https://registry.npmjs.org/@aws-cdk/aws-ecr/-/aws-ecr-1.8.0.tgz",
      "integrity": "sha512-fBI4tmva5fWKtiKsHdYk9fv6H2O8kq/GQhpRnMPPtRK7jx8VbhaAbKXlf6H5yUuVCAPe3sm2ndbSiY+AM/3m9w==",
      "requires": {
        "@aws-cdk/aws-events": "^1.8.0",
        "@aws-cdk/aws-iam": "^1.8.0",
        "@aws-cdk/core": "^1.8.0"
      }
    },
    "@aws-cdk/aws-ecr-assets": {
      "version": "1.8.0",
      "resolved": "https://registry.npmjs.org/@aws-cdk/aws-ecr-assets/-/aws-ecr-assets-1.8.0.tgz",
      "integrity": "sha512-3xBO5xNPHQyRsF98j76kjCpa+qJzWO0uywYQQZiYqCEwpEkWFYloLM/zLjT0B5FdOum8QKEa5SRDnP6z0/kTMg==",
      "requires": {
        "@aws-cdk/assets": "^1.8.0",
        "@aws-cdk/aws-cloudformation": "^1.8.0",
        "@aws-cdk/aws-ecr": "^1.8.0",
        "@aws-cdk/aws-iam": "^1.8.0",
        "@aws-cdk/aws-lambda": "^1.8.0",
        "@aws-cdk/aws-s3": "^1.8.0",
        "@aws-cdk/core": "^1.8.0",
        "@aws-cdk/cx-api": "^1.8.0"
      }
    },
    "@aws-cdk/aws-ecs": {
      "version": "1.8.0",
      "resolved": "https://registry.npmjs.org/@aws-cdk/aws-ecs/-/aws-ecs-1.8.0.tgz",
      "integrity": "sha512-KHsEVld6rjCIhKgB/1Dux+jC7Cfajd2I5cE7BzddT15EbAy35ESY8nnD9/sQHpeGAyj6RXFVnTKJNdL1OH1OHQ==",
      "requires": {
        "@aws-cdk/aws-applicationautoscaling": "^1.8.0",
        "@aws-cdk/aws-autoscaling": "^1.8.0",
        "@aws-cdk/aws-autoscaling-hooktargets": "^1.8.0",
        "@aws-cdk/aws-certificatemanager": "^1.8.0",
        "@aws-cdk/aws-cloudformation": "^1.8.0",
        "@aws-cdk/aws-cloudwatch": "^1.8.0",
        "@aws-cdk/aws-ec2": "^1.8.0",
        "@aws-cdk/aws-ecr": "^1.8.0",
        "@aws-cdk/aws-ecr-assets": "^1.8.0",
        "@aws-cdk/aws-elasticloadbalancing": "^1.8.0",
        "@aws-cdk/aws-elasticloadbalancingv2": "^1.8.0",
        "@aws-cdk/aws-iam": "^1.8.0",
        "@aws-cdk/aws-lambda": "^1.8.0",
        "@aws-cdk/aws-logs": "^1.8.0",
        "@aws-cdk/aws-route53": "^1.8.0",
        "@aws-cdk/aws-route53-targets": "^1.8.0",
        "@aws-cdk/aws-secretsmanager": "^1.8.0",
        "@aws-cdk/aws-servicediscovery": "^1.8.0",
        "@aws-cdk/aws-sns": "^1.8.0",
        "@aws-cdk/aws-sqs": "^1.8.0",
        "@aws-cdk/aws-ssm": "^1.8.0",
        "@aws-cdk/core": "^1.8.0",
        "@aws-cdk/cx-api": "^1.8.0"
      }
    },
    "@aws-cdk/aws-elasticloadbalancing": {
      "version": "1.8.0",
      "resolved": "https://registry.npmjs.org/@aws-cdk/aws-elasticloadbalancing/-/aws-elasticloadbalancing-1.8.0.tgz",
      "integrity": "sha512-ektURsxYvFZUn00PpGNJITXK4RrwI6rgrV94Ql4ncwcOMKaengUvrxSZkmrNGNuR0CTWgN7oasKNMZtEGN1sKQ==",
      "requires": {
        "@aws-cdk/aws-ec2": "^1.8.0",
        "@aws-cdk/core": "^1.8.0"
      }
    },
    "@aws-cdk/aws-elasticloadbalancingv2": {
      "version": "1.8.0",
      "resolved": "https://registry.npmjs.org/@aws-cdk/aws-elasticloadbalancingv2/-/aws-elasticloadbalancingv2-1.8.0.tgz",
      "integrity": "sha512-MFuFjILhagOudNH+3b/nEIt7SVYpX6PpGtm7hrFWj0g/9SX6Zq4V4OkkRPSCaPsfYrX7w8L5HtQv1CT+UOm6BQ==",
      "requires": {
        "@aws-cdk/aws-certificatemanager": "^1.8.0",
        "@aws-cdk/aws-cloudwatch": "^1.8.0",
        "@aws-cdk/aws-ec2": "^1.8.0",
        "@aws-cdk/aws-iam": "^1.8.0",
        "@aws-cdk/aws-lambda": "^1.8.0",
        "@aws-cdk/aws-s3": "^1.8.0",
        "@aws-cdk/core": "^1.8.0"
      }
    },
    "@aws-cdk/aws-events": {
      "version": "1.8.0",
      "resolved": "https://registry.npmjs.org/@aws-cdk/aws-events/-/aws-events-1.8.0.tgz",
      "integrity": "sha512-qxb7po0NxbCRanQFAtGQNVImXqMT6e7MoxBmfFeChvg9EghZ6ej9L652iAEvWnat1szAgdEcOkbPvMI5okJH9w==",
      "requires": {
        "@aws-cdk/aws-iam": "^1.8.0",
        "@aws-cdk/core": "^1.8.0"
      }
    },
    "@aws-cdk/aws-events-targets": {
      "version": "1.8.0",
      "resolved": "https://registry.npmjs.org/@aws-cdk/aws-events-targets/-/aws-events-targets-1.8.0.tgz",
      "integrity": "sha512-lgPTUxasNAkeUESVASWC8sdPH30NZ1v4FWoB6sONL3AxiPf1g2z2YvyV5LLCRWod1+NOh0lTaK1JeEpF4p/V1A==",
      "requires": {
        "@aws-cdk/aws-cloudformation": "^1.8.0",
        "@aws-cdk/aws-codebuild": "^1.8.0",
        "@aws-cdk/aws-codepipeline": "^1.8.0",
        "@aws-cdk/aws-ec2": "^1.8.0",
        "@aws-cdk/aws-ecs": "^1.8.0",
        "@aws-cdk/aws-events": "^1.8.0",
        "@aws-cdk/aws-iam": "^1.8.0",
        "@aws-cdk/aws-lambda": "^1.8.0",
        "@aws-cdk/aws-sns": "^1.8.0",
        "@aws-cdk/aws-sns-subscriptions": "^1.8.0",
        "@aws-cdk/aws-sqs": "^1.8.0",
        "@aws-cdk/aws-stepfunctions": "^1.8.0",
        "@aws-cdk/core": "^1.8.0",
        "@aws-cdk/custom-resources": "^1.8.0"
      }
    },
    "@aws-cdk/aws-iam": {
      "version": "1.8.0",
      "resolved": "https://registry.npmjs.org/@aws-cdk/aws-iam/-/aws-iam-1.8.0.tgz",
      "integrity": "sha512-GoJsXR1gONfJIYan4lp2QsKsA4jDR2P0TSN8ENg9ntli6+F/XWwiJDrHmYOQzLD2hk8p+ObKfz6uJKYsN/5Rpg==",
      "requires": {
        "@aws-cdk/core": "^1.8.0",
        "@aws-cdk/region-info": "^1.8.0"
      }
    },
    "@aws-cdk/aws-kms": {
      "version": "1.8.0",
      "resolved": "https://registry.npmjs.org/@aws-cdk/aws-kms/-/aws-kms-1.8.0.tgz",
      "integrity": "sha512-sFTdgtfqWTRTYqV66hGdVqSkisJ9eI2t0j5t+hDLhRnPPPHG0C4uhxbq/SU/Z7b8PQ4cNbiJQ+VahVjxP7Db+w==",
      "requires": {
        "@aws-cdk/aws-iam": "^1.8.0",
        "@aws-cdk/core": "^1.8.0"
      }
    },
    "@aws-cdk/aws-lambda": {
      "version": "1.8.0",
      "resolved": "https://registry.npmjs.org/@aws-cdk/aws-lambda/-/aws-lambda-1.8.0.tgz",
      "integrity": "sha512-Bg1mZiIM2tjSTecZ25swHWPlcjP/da/NgwwsAGqV8RGP58ebmx9vVtVGUxBInfDxHzul5e8QQ0FRNzKPW9UuoA==",
      "requires": {
        "@aws-cdk/aws-cloudwatch": "^1.8.0",
        "@aws-cdk/aws-ec2": "^1.8.0",
        "@aws-cdk/aws-events": "^1.8.0",
        "@aws-cdk/aws-iam": "^1.8.0",
        "@aws-cdk/aws-logs": "^1.8.0",
        "@aws-cdk/aws-s3": "^1.8.0",
        "@aws-cdk/aws-s3-assets": "^1.8.0",
        "@aws-cdk/aws-sqs": "^1.8.0",
        "@aws-cdk/core": "^1.8.0",
        "@aws-cdk/cx-api": "^1.8.0"
      }
    },
    "@aws-cdk/aws-logs": {
      "version": "1.8.0",
      "resolved": "https://registry.npmjs.org/@aws-cdk/aws-logs/-/aws-logs-1.8.0.tgz",
      "integrity": "sha512-XU+Vlzca75hJRz1z696oi6l/bCe4L0YkgO4p31gPxpuqHtAcK5qPvus57Mb8GaASyty0S7MAUsI53UIT3oAQaQ==",
      "requires": {
        "@aws-cdk/aws-cloudwatch": "^1.8.0",
        "@aws-cdk/aws-iam": "^1.8.0",
        "@aws-cdk/core": "^1.8.0"
      }
    },
    "@aws-cdk/aws-route53": {
      "version": "1.8.0",
      "resolved": "https://registry.npmjs.org/@aws-cdk/aws-route53/-/aws-route53-1.8.0.tgz",
      "integrity": "sha512-zFpm123yI6DaIc9rk7JaC4C36oktfXMBLHJgeJdD4VZeiwIoZeAWX+9AFAAGVdXB3+7/g9lWHLgnn/HKiSCRdQ==",
      "requires": {
        "@aws-cdk/aws-ec2": "^1.8.0",
        "@aws-cdk/aws-logs": "^1.8.0",
        "@aws-cdk/core": "^1.8.0",
        "@aws-cdk/cx-api": "^1.8.0"
      }
    },
    "@aws-cdk/aws-route53-targets": {
      "version": "1.8.0",
      "resolved": "https://registry.npmjs.org/@aws-cdk/aws-route53-targets/-/aws-route53-targets-1.8.0.tgz",
      "integrity": "sha512-hXl08FmwzjSSejlms6fWbUas/h5ugZhLQQ6RCZaLA3SUg6FSuALgmVWzh9CfTIav+vtpkiiIAoSHujeT0vOvww==",
      "requires": {
        "@aws-cdk/aws-apigateway": "^1.8.0",
        "@aws-cdk/aws-cloudfront": "^1.8.0",
        "@aws-cdk/aws-elasticloadbalancing": "^1.8.0",
        "@aws-cdk/aws-elasticloadbalancingv2": "^1.8.0",
        "@aws-cdk/aws-iam": "^1.8.0",
        "@aws-cdk/aws-route53": "^1.8.0",
        "@aws-cdk/aws-s3": "^1.8.0",
        "@aws-cdk/core": "^1.8.0",
        "@aws-cdk/region-info": "^1.8.0"
      }
    },
    "@aws-cdk/aws-s3": {
      "version": "1.8.0",
      "resolved": "https://registry.npmjs.org/@aws-cdk/aws-s3/-/aws-s3-1.8.0.tgz",
      "integrity": "sha512-ABxgaUj86WzobkM5ElG5jvH8s2gGB+dkk7mLc2aGng9fTHMmpnaD0ahrBd8mcEJzeDkJWsJ7+94a+5XxfzpCyA==",
      "requires": {
        "@aws-cdk/aws-events": "^1.8.0",
        "@aws-cdk/aws-iam": "^1.8.0",
        "@aws-cdk/aws-kms": "^1.8.0",
        "@aws-cdk/core": "^1.8.0"
      }
    },
    "@aws-cdk/aws-s3-assets": {
      "version": "1.8.0",
      "resolved": "https://registry.npmjs.org/@aws-cdk/aws-s3-assets/-/aws-s3-assets-1.8.0.tgz",
      "integrity": "sha512-Kkj6e5Jdl1Zlf/m+pkIZTRTZDopfCp3RigfPpheqDSyLrm9FteWVq6gLVqHASGDTgS6QBwkPjVvUoBCUuKESYw==",
      "requires": {
        "@aws-cdk/assets": "^1.8.0",
        "@aws-cdk/aws-iam": "^1.8.0",
        "@aws-cdk/aws-s3": "^1.8.0",
        "@aws-cdk/core": "^1.8.0",
        "@aws-cdk/cx-api": "^1.8.0"
      }
    },
    "@aws-cdk/aws-secretsmanager": {
      "version": "1.8.0",
      "resolved": "https://registry.npmjs.org/@aws-cdk/aws-secretsmanager/-/aws-secretsmanager-1.8.0.tgz",
      "integrity": "sha512-da/QemUfccDHXvynLqp9CnIzN6f/Cf1cx6OGIHWE6WyQAQwcV5/tqQvOu79jlsMrrjc6UUz5pbQrAc+ZMYGGGQ==",
      "requires": {
        "@aws-cdk/aws-ec2": "^1.8.0",
        "@aws-cdk/aws-iam": "^1.8.0",
        "@aws-cdk/aws-kms": "^1.8.0",
        "@aws-cdk/aws-lambda": "^1.8.0",
        "@aws-cdk/core": "^1.8.0"
      }
    },
    "@aws-cdk/aws-servicediscovery": {
      "version": "1.8.0",
      "resolved": "https://registry.npmjs.org/@aws-cdk/aws-servicediscovery/-/aws-servicediscovery-1.8.0.tgz",
      "integrity": "sha512-6S85PuH48fROwXUuUsHjBAhfMD5GwVF9Z436nlRG9evXZJ+fNWe9XQgXhxYLpiEXojQvbFGak6zSu4QxfCUdLA==",
      "requires": {
        "@aws-cdk/aws-ec2": "^1.8.0",
        "@aws-cdk/aws-elasticloadbalancingv2": "^1.8.0",
        "@aws-cdk/aws-route53": "^1.8.0",
        "@aws-cdk/core": "^1.8.0"
      }
    },
    "@aws-cdk/aws-sns": {
      "version": "1.8.0",
      "resolved": "https://registry.npmjs.org/@aws-cdk/aws-sns/-/aws-sns-1.8.0.tgz",
      "integrity": "sha512-jBleTOhQ5+EZAmZGfaFr75cYDU4AZ5ifBb/6MEhIa80AZdShz6HrYnoLi41njfMqLQyp196QZ0prISWaJBDl2A==",
      "requires": {
        "@aws-cdk/aws-cloudwatch": "^1.8.0",
        "@aws-cdk/aws-events": "^1.8.0",
        "@aws-cdk/aws-iam": "^1.8.0",
        "@aws-cdk/core": "^1.8.0"
      }
    },
    "@aws-cdk/aws-sns-subscriptions": {
      "version": "1.8.0",
      "resolved": "https://registry.npmjs.org/@aws-cdk/aws-sns-subscriptions/-/aws-sns-subscriptions-1.8.0.tgz",
      "integrity": "sha512-Z4Sg6CpYVFJ7MpHr8W2SV++t2UmylKlRisia147j1pN1OZFP+/zDahaJBtKhSsvkDAOnUvwQ9l0esvVaE2gCMA==",
      "requires": {
        "@aws-cdk/aws-iam": "^1.8.0",
        "@aws-cdk/aws-lambda": "^1.8.0",
        "@aws-cdk/aws-sns": "^1.8.0",
        "@aws-cdk/aws-sqs": "^1.8.0",
        "@aws-cdk/core": "^1.8.0"
      }
    },
    "@aws-cdk/aws-sqs": {
      "version": "1.8.0",
      "resolved": "https://registry.npmjs.org/@aws-cdk/aws-sqs/-/aws-sqs-1.8.0.tgz",
      "integrity": "sha512-aKKUW+Bf2Ke63yCDuE8+qtcQ9QxuWxh8O3nqAImsVbvbzimJiBe0ZINQKrHw4oeXLJYX2HZ/Ykv2LJ74r44t+g==",
      "requires": {
        "@aws-cdk/aws-cloudwatch": "^1.8.0",
        "@aws-cdk/aws-iam": "^1.8.0",
        "@aws-cdk/aws-kms": "^1.8.0",
        "@aws-cdk/core": "^1.8.0"
      }
    },
    "@aws-cdk/aws-ssm": {
      "version": "1.8.0",
      "resolved": "https://registry.npmjs.org/@aws-cdk/aws-ssm/-/aws-ssm-1.8.0.tgz",
      "integrity": "sha512-x8fLZFe4ZeFAxrzfSxEyLIWc+mQD+g8J3RiKek6OypfdnUGvggBMvwAw/doLBnMpSimmiOpXkS1QsIYAv3Dfgg==",
      "requires": {
        "@aws-cdk/aws-iam": "^1.8.0",
        "@aws-cdk/core": "^1.8.0",
        "@aws-cdk/cx-api": "^1.8.0"
      }
    },
    "@aws-cdk/aws-stepfunctions": {
      "version": "1.8.0",
      "resolved": "https://registry.npmjs.org/@aws-cdk/aws-stepfunctions/-/aws-stepfunctions-1.8.0.tgz",
      "integrity": "sha512-LAuOV1+jY6mkFo98MSaMLDuQFQtJy6B1FVs6Dg7cwdlLnx5QZ5EtMwu8AIujio+R3A2ozomUQehLCPgNY+gJAQ==",
      "requires": {
        "@aws-cdk/aws-cloudwatch": "^1.8.0",
        "@aws-cdk/aws-events": "^1.8.0",
        "@aws-cdk/aws-iam": "^1.8.0",
        "@aws-cdk/core": "^1.8.0"
      }
    },
    "@aws-cdk/core": {
      "version": "1.8.0",
      "resolved": "https://registry.npmjs.org/@aws-cdk/core/-/core-1.8.0.tgz",
      "integrity": "sha512-WuGxzCsX+KOZxYl0EFuPiNqc6hyJCRG/H20V1kHzGHr5+BYbDavemwf6gkpSK0+hv1r4T9PrTJABwlmnSNcFhA==",
      "requires": {
        "@aws-cdk/cx-api": "^1.8.0"
      }
    },
    "@aws-cdk/custom-resources": {
      "version": "1.8.0",
      "resolved": "https://registry.npmjs.org/@aws-cdk/custom-resources/-/custom-resources-1.8.0.tgz",
      "integrity": "sha512-Q1Bi4m/IqR/TcC3+IRKTqRAIJ22tMWjgOH0sk9MdnBqxYoE9of7njKNH7UMxobxqIZ3YY2Hak6HlTle7djSnVw==",
      "requires": {
        "@aws-cdk/aws-cloudformation": "^1.8.0",
        "@aws-cdk/aws-iam": "^1.8.0",
        "@aws-cdk/aws-lambda": "^1.8.0",
        "@aws-cdk/aws-sns": "^1.8.0",
        "@aws-cdk/core": "^1.8.0"
      }
    },
    "@aws-cdk/cx-api": {
      "version": "1.8.0",
      "resolved": "https://registry.npmjs.org/@aws-cdk/cx-api/-/cx-api-1.8.0.tgz",
      "integrity": "sha512-mPwzAryv4m/jdlb2JnaYyM7UmlGL7IJ/OzPkOYvT6f8wHc1hUlgycN7v7N6Am1EegdJ2n1FddMnCGnyYK3ajhw==",
      "requires": {
        "semver": "^6.3.0"
      },
      "dependencies": {
        "semver": {
          "version": "6.3.0",
          "bundled": true
        }
      }
    },
    "@aws-cdk/region-info": {
      "version": "1.8.0",
      "resolved": "https://registry.npmjs.org/@aws-cdk/region-info/-/region-info-1.8.0.tgz",
      "integrity": "sha512-MfaVoYasRwi0MKqb66Ea4WQQlFzdpcylkQKPMMyOKGJJSPIdV3E323vfOhBINKyj1iF6G0V9oa4ZjlSM1LjsbQ=="
    },
    "@types/node": {
      "version": "8.10.45",
      "resolved": "https://registry.npmjs.org/@types/node/-/node-8.10.45.tgz",
      "integrity": "sha512-tGVTbA+i3qfXsLbq9rEq/hezaHY55QxQLeXQL2ejNgFAxxrgu8eMmYIOsRcl7hN1uTLVsKOOYacV/rcJM3sfgQ==",
      "dev": true
    },
    "argparse": {
      "version": "1.0.10",
      "resolved": "https://registry.npmjs.org/argparse/-/argparse-1.0.10.tgz",
      "integrity": "sha512-o5Roy6tNG4SL/FOkCAN6RzjiakZS25RLYFrcMttJqbdd8BWrnA+fGz57iN5Pb06pvBGvl5gQ0B48dJlslXvoTg==",
      "requires": {
        "sprintf-js": "~1.0.2"
      }
    },
    "aws-cdk": {
      "version": "1.203.0",
      "resolved": "https://registry.npmjs.org/aws-cdk/-/aws-cdk-1.203.0.tgz",
      "integrity": "sha512-9nghEa+JGzh7LEz2Yl2q4v+76Uf+Y4A4Pa38PSsNgI0jAwnBAz5NaC3MB4Tdzd5szSfQuS72u5Uuxh6Lz1H0ow==",
      "dev": true,
      "requires": {
        "fsevents": "2.3.2"
      }
    },
    "buffer-from": {
      "version": "1.1.1",
      "resolved": "https://registry.npmjs.org/buffer-from/-/buffer-from-1.1.1.tgz",
      "integrity": "sha512-MQcXEUbCKtEo7bhqEs6560Hyd4XaovZlO/k9V3hjVUF/zwW7KBVdSK4gIt/bzwS9MbR5qob+F5jusZsb0YQK2A=="
    },
    "fsevents": {
      "version": "2.3.2",
      "resolved": "https://registry.npmjs.org/fsevents/-/fsevents-2.3.2.tgz",
      "integrity": "sha512-xiqMQR4xAeHTuB9uWm+fFRcIOgKBMiOBP+eXiyT7jsgVCq1bkVygt00oASowB7EdtpOHaaPgKt812P9ab+DDKA==",
      "dev": true,
      "optional": true
    },
    "js-yaml": {
      "version": "3.13.1",
      "resolved": "https://registry.npmjs.org/js-yaml/-/js-yaml-3.13.1.tgz",
      "integrity": "sha512-YfbcO7jXDdyj0DGxYVSlSeQNHbD7XPWvrVWeVUujrQEoZzWJIRrCPoyk6kL6IAjAG2IolMK4T0hNUe0HOUs5Jw==",
      "requires": {
        "argparse": "^1.0.7",
        "esprima": "^4.0.0"
      },
      "dependencies": {
        "esprima": {
          "version": "4.0.1",
          "resolved": "https://registry.npmjs.org/esprima/-/esprima-4.0.1.tgz",
          "integrity": "sha512-eGuFFw7Upda+g4p+QHvnW0RyTX/SVeJBDM/gCtMARO0cLuT2HcEKnTPvhjV6aGeqrCB/sbNop0Kszm0jsaWU4A=="
        }
      }
    },
    "source-map": {
      "version": "0.6.1",
      "resolved": "https://registry.npmjs.org/source-map/-/source-map-0.6.1.tgz",
      "integrity": "sha512-UjgapumWlbMhkBgzT7Ykc5YXUT46F0iKu8SGXq0bcwP5dz/h0Plj6enJqjz1Zbq2l5WaqYnrVbwWOWMyF3F47g=="
    },
    "source-map-support": {
      "version": "0.5.13",
      "resolved": "https://registry.npmjs.org/source-map-support/-/source-map-support-0.5.13.tgz",
      "integrity": "sha512-SHSKFHadjVA5oR4PPqhtAVdcBWwRYVd6g6cAXnIbRiIwc2EhPrTuKUBdSLvlEKyIP3GCf89fltvcZiP9MMFA1w==",
      "requires": {
        "buffer-from": "^1.0.0",
        "source-map": "^0.6.0"
      }
    },
    "sprintf-js": {
      "version": "1.0.3",
      "resolved": "https://registry.npmjs.org/sprintf-js/-/sprintf-js-1.0.3.tgz",
      "integrity": "sha1-BOaSb2YolTVPPdAVIDYzuFcpfiw="
    },
    "typescript": {
      "version": "3.6.3",
      "resolved": "https://registry.npmjs.org/typescript/-/typescript-3.6.3.tgz",
      "integrity": "sha512-N7bceJL1CtRQ2RiG0AQME13ksR7DiuQh/QehubYcghzv20tnh+MQnQIuJddTmsbqYj+dztchykemz0zFzlvdQw==",
      "dev": true
    }
  }
}
